
Microsoft Visual Studio Solution File, Format Version 12.00
# Visual Studio Version 17
VisualStudioVersion = 17.5.002.0
MinimumVisualStudioVersion = 10.0.40219.1
Project("{9A19103F-16F7-4668-BE54-9A1E7A4F7556}") = "Bodo kinda stinky", "Bodo kinda stinky.csproj", "{8ACFEC16-167D-43B7-A758-2E3DEE263BDB}"
EndProject
Project("{FAE04EC0-301F-11D3-BF4B-00C04F79EFBC}") = "Bouncing Ball", "..\Bouncing Ball\Bouncing Ball.csproj", "{3B47030A-17C5-4578-A583-F5282F15CB97}"
EndProject
Global
	GlobalSection(SolutionConfigurationPlatforms) = preSolution
		Debug|Any CPU = Debug|Any CPU
		Release|Any CPU = Release|Any CPU
	EndGlobalSection
	GlobalSection(ProjectConfigurationPlatforms) = postSolution
		{8ACFEC16-167D-43B7-A758-2E3DEE263BDB}.Debug|Any CPU.ActiveCfg = Debug|Any CPU
		{8ACFEC16-167D-43B7-A758-2E3DEE263BDB}.Debug|Any CPU.Build.0 = Debug|Any CPU
		{8ACFEC16-167D-43B7-A758-2E3DEE263BDB}.Release|Any CPU.ActiveCfg = Release|Any CPU
		{8ACFEC16-167D-43B7-A758-2E3DEE263BDB}.Release|Any CPU.Build.0 = Release|Any CPU
		{3B47030A-17C5-4578-A583-F5282F15CB97}.Debug|Any CPU.ActiveCfg = Debug|Any CPU
		{3B47030A-17C5-4578-A583-F5282F15CB97}.Debug|Any CPU.Build.0 = Debug|Any CPU
		{3B47030A-17C5-4578-A583-F5282F15CB97}.Release|Any CPU.ActiveCfg = Release|Any CPU
		{3B47030A-17C5-4578-A583-F5282F15CB97}.Release|Any CPU.Build.0 = Release|Any CPU
	EndGlobalSection
	GlobalSection(SolutionProperties) = preSolution
		HideSolutionNode = FALSE
	EndGlobalSection
	GlobalSection(ExtensibilityGlobals) = postSolution
		SolutionGuid = {40FFAF09-9A60-4A10-9F2E-A0835A75DB8A}
	EndGlobalSection
EndGlobal
